
Microsoft Visual Studio Solution File, Format Version 12.00
Project("{FAE04EC0-301F-11D3-BF4B-00C04F79EFBC}") = "HhSquareLibrary", "HhSquareLibrary\HhSquareLibrary.csproj", "{27EA0C66-8074-4537-889F-9DCCAE6704E0}"
EndProject
Project("{FAE04EC0-301F-11D3-BF4B-00C04F79EFBC}") = "Tests", "Tests\Tests.csproj", "{2CD7C440-15B0-4901-8C81-74E6A16B038F}"
EndProject
Global
	GlobalSection(SolutionConfigurationPlatforms) = preSolution
		Debug|Any CPU = Debug|Any CPU
		Release|Any CPU = Release|Any CPU
	EndGlobalSection
	GlobalSection(ProjectConfigurationPlatforms) = postSolution
		{27EA0C66-8074-4537-889F-9DCCAE6704E0}.Debug|Any CPU.ActiveCfg = Debug|Any CPU
		{27EA0C66-8074-4537-889F-9DCCAE6704E0}.Debug|Any CPU.Build.0 = Debug|Any CPU
		{27EA0C66-8074-4537-889F-9DCCAE6704E0}.Release|Any CPU.ActiveCfg = Release|Any CPU
		{27EA0C66-8074-4537-889F-9DCCAE6704E0}.Release|Any CPU.Build.0 = Release|Any CPU
		{2CD7C440-15B0-4901-8C81-74E6A16B038F}.Debug|Any CPU.ActiveCfg = Debug|Any CPU
		{2CD7C440-15B0-4901-8C81-74E6A16B038F}.Debug|Any CPU.Build.0 = Debug|Any CPU
		{2CD7C440-15B0-4901-8C81-74E6A16B038F}.Release|Any CPU.ActiveCfg = Release|Any CPU
		{2CD7C440-15B0-4901-8C81-74E6A16B038F}.Release|Any CPU.Build.0 = Release|Any CPU
	EndGlobalSection
EndGlobal
